
Microsoft Visual Studio Solution File, Format Version 12.00
# Visual Studio Version 17
VisualStudioVersion = 17.2.32616.157
MinimumVisualStudioVersion = 10.0.40219.1
Project("{FAE04EC0-301F-11D3-BF4B-00C04F79EFBC}") = "CranewareDemo", "CranewareDemo.csproj", "{BA207678-47FA-421A-A9EE-E3BA2C557CD5}"
EndProject
Global
	GlobalSection(SolutionConfigurationPlatforms) = preSolution
		Debug|Any CPU = Debug|Any CPU
		Release|Any CPU = Release|Any CPU
	EndGlobalSection
	GlobalSection(ProjectConfigurationPlatforms) = postSolution
		{BA207678-47FA-421A-A9EE-E3BA2C557CD5}.Debug|Any CPU.ActiveCfg = Debug|Any CPU
		{BA207678-47FA-421A-A9EE-E3BA2C557CD5}.Debug|Any CPU.Build.0 = Debug|Any CPU
		{BA207678-47FA-421A-A9EE-E3BA2C557CD5}.Release|Any CPU.ActiveCfg = Release|Any CPU
		{BA207678-47FA-421A-A9EE-E3BA2C557CD5}.Release|Any CPU.Build.0 = Release|Any CPU
	EndGlobalSection
	GlobalSection(SolutionProperties) = preSolution
		HideSolutionNode = FALSE
	EndGlobalSection
	GlobalSection(ExtensibilityGlobals) = postSolution
		SolutionGuid = {AB07D373-84B9-424E-A737-A04850F34AF0}
	EndGlobalSection
EndGlobal
